
Microsoft Visual Studio Solution File, Format Version 12.00
# Visual Studio Version 17
VisualStudioVersion = 17.11.35312.102
MinimumVisualStudioVersion = 10.0.40219.1
Project("{FAE04EC0-301F-11D3-BF4B-00C04F79EFBC}") = "Expense Guard", "Expense Guard\Expense Guard.csproj", "{553A2BDD-A1DC-497F-BAEA-43FDBAF7FACB}"
EndProject
Global
	GlobalSection(SolutionConfigurationPlatforms) = preSolution
		Debug|Any CPU = Debug|Any CPU
		Release|Any CPU = Release|Any CPU
	EndGlobalSection
	GlobalSection(ProjectConfigurationPlatforms) = postSolution
		{553A2BDD-A1DC-497F-BAEA-43FDBAF7FACB}.Debug|Any CPU.ActiveCfg = Debug|Any CPU
		{553A2BDD-A1DC-497F-BAEA-43FDBAF7FACB}.Debug|Any CPU.Build.0 = Debug|Any CPU
		{553A2BDD-A1DC-497F-BAEA-43FDBAF7FACB}.Debug|Any CPU.Deploy.0 = Debug|Any CPU
		{553A2BDD-A1DC-497F-BAEA-43FDBAF7FACB}.Release|Any CPU.ActiveCfg = Release|Any CPU
		{553A2BDD-A1DC-497F-BAEA-43FDBAF7FACB}.Release|Any CPU.Build.0 = Release|Any CPU
		{553A2BDD-A1DC-497F-BAEA-43FDBAF7FACB}.Release|Any CPU.Deploy.0 = Release|Any CPU
	EndGlobalSection
	GlobalSection(SolutionProperties) = preSolution
		HideSolutionNode = FALSE
	EndGlobalSection
	GlobalSection(ExtensibilityGlobals) = postSolution
		SolutionGuid = {6C41E9DF-EC7E-450A-9E05-4D1C6C843D4D}
	EndGlobalSection
EndGlobal
